
Microsoft Visual Studio Solution File, Format Version 12.00
# Visual Studio 14
VisualStudioVersion = 14.0.25420.1
MinimumVisualStudioVersion = 10.0.40219.1
Project("{8BC9CEB8-8B4A-11D0-8D11-00A0C91BC942}") = "Ex4.4", "Ex4.4\Ex4.4.vcxproj", "{BB5BAFD7-5A13-4E85-A585-198E358A1F6B}"
EndProject
Project("{8BC9CEB8-8B4A-11D0-8D11-00A0C91BC942}") = "Ex4.4add", "Ex4.4add\Ex4.4add.vcxproj", "{EF887D8A-EEA9-4EAE-9708-BE33D3EF323D}"
EndProject
Global
	GlobalSection(SolutionConfigurationPlatforms) = preSolution
		Debug|x64 = Debug|x64
		Debug|x86 = Debug|x86
		Release|x64 = Release|x64
		Release|x86 = Release|x86
	EndGlobalSection
	GlobalSection(ProjectConfigurationPlatforms) = postSolution
		{BB5BAFD7-5A13-4E85-A585-198E358A1F6B}.Debug|x64.ActiveCfg = Debug|x64
		{BB5BAFD7-5A13-4E85-A585-198E358A1F6B}.Debug|x64.Build.0 = Debug|x64
		{BB5BAFD7-5A13-4E85-A585-198E358A1F6B}.Debug|x86.ActiveCfg = Debug|Win32
		{BB5BAFD7-5A13-4E85-A585-198E358A1F6B}.Debug|x86.Build.0 = Debug|Win32
		{BB5BAFD7-5A13-4E85-A585-198E358A1F6B}.Release|x64.ActiveCfg = Release|x64
		{BB5BAFD7-5A13-4E85-A585-198E358A1F6B}.Release|x64.Build.0 = Release|x64
		{BB5BAFD7-5A13-4E85-A585-198E358A1F6B}.Release|x86.ActiveCfg = Release|Win32
		{BB5BAFD7-5A13-4E85-A585-198E358A1F6B}.Release|x86.Build.0 = Release|Win32
		{EF887D8A-EEA9-4EAE-9708-BE33D3EF323D}.Debug|x64.ActiveCfg = Debug|x64
		{EF887D8A-EEA9-4EAE-9708-BE33D3EF323D}.Debug|x64.Build.0 = Debug|x64
		{EF887D8A-EEA9-4EAE-9708-BE33D3EF323D}.Debug|x86.ActiveCfg = Debug|Win32
		{EF887D8A-EEA9-4EAE-9708-BE33D3EF323D}.Debug|x86.Build.0 = Debug|Win32
		{EF887D8A-EEA9-4EAE-9708-BE33D3EF323D}.Release|x64.ActiveCfg = Release|x64
		{EF887D8A-EEA9-4EAE-9708-BE33D3EF323D}.Release|x64.Build.0 = Release|x64
		{EF887D8A-EEA9-4EAE-9708-BE33D3EF323D}.Release|x86.ActiveCfg = Release|Win32
		{EF887D8A-EEA9-4EAE-9708-BE33D3EF323D}.Release|x86.Build.0 = Release|Win32
	EndGlobalSection
	GlobalSection(SolutionProperties) = preSolution
		HideSolutionNode = FALSE
	EndGlobalSection
EndGlobal
